
Microsoft Visual Studio Solution File, Format Version 12.00
# Visual Studio Version 17
VisualStudioVersion = 17.5.33516.290
MinimumVisualStudioVersion = 10.0.40219.1
Project("{FAE04EC0-301F-11D3-BF4B-00C04F79EFBC}") = "INNOVAMED", "INNOVAMED.csproj", "{486AD120-2FE6-4BD3-BAD5-2A4347CE4654}"
EndProject
Global
	GlobalSection(SolutionConfigurationPlatforms) = preSolution
		Debug|Any CPU = Debug|Any CPU
		Release|Any CPU = Release|Any CPU
	EndGlobalSection
	GlobalSection(ProjectConfigurationPlatforms) = postSolution
		{486AD120-2FE6-4BD3-BAD5-2A4347CE4654}.Debug|Any CPU.ActiveCfg = Debug|Any CPU
		{486AD120-2FE6-4BD3-BAD5-2A4347CE4654}.Debug|Any CPU.Build.0 = Debug|Any CPU
		{486AD120-2FE6-4BD3-BAD5-2A4347CE4654}.Release|Any CPU.ActiveCfg = Release|Any CPU
		{486AD120-2FE6-4BD3-BAD5-2A4347CE4654}.Release|Any CPU.Build.0 = Release|Any CPU
	EndGlobalSection
	GlobalSection(SolutionProperties) = preSolution
		HideSolutionNode = FALSE
	EndGlobalSection
	GlobalSection(ExtensibilityGlobals) = postSolution
		SolutionGuid = {6F9483CE-65FB-48C0-B787-B065CA04B86B}
	EndGlobalSection
EndGlobal
